
Microsoft Visual Studio Solution File, Format Version 12.00
# Visual Studio Version 17
VisualStudioVersion = 17.0.31903.59
MinimumVisualStudioVersion = 10.0.40219.1
Project("{2150E333-8FDC-42A3-9474-1A3956D46DE8}") = "src", "src", "{827E0CD3-B72D-47B6-A68D-7590B98EB39B}"
EndProject
Project("{FAE04EC0-301F-11D3-BF4B-00C04F79EFBC}") = "LiveSPICE-Generator", "src\LiveSPICE-Generator.csproj", "{F79AD0BE-FD05-4833-B0A8-E616B8431C57}"
EndProject
Project("{FAE04EC0-301F-11D3-BF4B-00C04F79EFBC}") = "Circuit", "..\LiveSPICE\Circuit\Circuit.csproj", "{B07CE083-4F67-469E-A35D-E065008273D7}"
EndProject
Project("{FAE04EC0-301F-11D3-BF4B-00C04F79EFBC}") = "ComputerAlgebra", "..\LiveSPICE\ComputerAlgebra\ComputerAlgebra\ComputerAlgebra.csproj", "{BE6BBCB6-4D43-4D01-9EC9-767BE5D299F0}"
EndProject
Project("{FAE04EC0-301F-11D3-BF4B-00C04F79EFBC}") = "Util", "..\LiveSPICE\Util\Util.csproj", "{0D712DF8-216E-44A2-98F3-2F2542BAFDB4}"
EndProject
Global
	GlobalSection(SolutionConfigurationPlatforms) = preSolution
		Debug|Any CPU = Debug|Any CPU
		Debug|x64 = Debug|x64
		Debug|x86 = Debug|x86
		Release|Any CPU = Release|Any CPU
		Release|x64 = Release|x64
		Release|x86 = Release|x86
	EndGlobalSection
	GlobalSection(ProjectConfigurationPlatforms) = postSolution
		{F79AD0BE-FD05-4833-B0A8-E616B8431C57}.Debug|Any CPU.ActiveCfg = Debug|Any CPU
		{F79AD0BE-FD05-4833-B0A8-E616B8431C57}.Debug|Any CPU.Build.0 = Debug|Any CPU
		{F79AD0BE-FD05-4833-B0A8-E616B8431C57}.Debug|x64.ActiveCfg = Debug|Any CPU
		{F79AD0BE-FD05-4833-B0A8-E616B8431C57}.Debug|x64.Build.0 = Debug|Any CPU
		{F79AD0BE-FD05-4833-B0A8-E616B8431C57}.Debug|x86.ActiveCfg = Debug|Any CPU
		{F79AD0BE-FD05-4833-B0A8-E616B8431C57}.Debug|x86.Build.0 = Debug|Any CPU
		{F79AD0BE-FD05-4833-B0A8-E616B8431C57}.Release|Any CPU.ActiveCfg = Release|Any CPU
		{F79AD0BE-FD05-4833-B0A8-E616B8431C57}.Release|Any CPU.Build.0 = Release|Any CPU
		{F79AD0BE-FD05-4833-B0A8-E616B8431C57}.Release|x64.ActiveCfg = Release|Any CPU
		{F79AD0BE-FD05-4833-B0A8-E616B8431C57}.Release|x64.Build.0 = Release|Any CPU
		{F79AD0BE-FD05-4833-B0A8-E616B8431C57}.Release|x86.ActiveCfg = Release|Any CPU
		{F79AD0BE-FD05-4833-B0A8-E616B8431C57}.Release|x86.Build.0 = Release|Any CPU
		{B07CE083-4F67-469E-A35D-E065008273D7}.Debug|Any CPU.ActiveCfg = Debug|Any CPU
		{B07CE083-4F67-469E-A35D-E065008273D7}.Debug|Any CPU.Build.0 = Debug|Any CPU
		{B07CE083-4F67-469E-A35D-E065008273D7}.Debug|x64.ActiveCfg = Debug|Any CPU
		{B07CE083-4F67-469E-A35D-E065008273D7}.Debug|x64.Build.0 = Debug|Any CPU
		{B07CE083-4F67-469E-A35D-E065008273D7}.Debug|x86.ActiveCfg = Debug|Any CPU
		{B07CE083-4F67-469E-A35D-E065008273D7}.Debug|x86.Build.0 = Debug|Any CPU
		{B07CE083-4F67-469E-A35D-E065008273D7}.Release|Any CPU.ActiveCfg = Release|Any CPU
		{B07CE083-4F67-469E-A35D-E065008273D7}.Release|Any CPU.Build.0 = Release|Any CPU
		{B07CE083-4F67-469E-A35D-E065008273D7}.Release|x64.ActiveCfg = Release|Any CPU
		{B07CE083-4F67-469E-A35D-E065008273D7}.Release|x64.Build.0 = Release|Any CPU
		{B07CE083-4F67-469E-A35D-E065008273D7}.Release|x86.ActiveCfg = Release|Any CPU
		{B07CE083-4F67-469E-A35D-E065008273D7}.Release|x86.Build.0 = Release|Any CPU
		{BE6BBCB6-4D43-4D01-9EC9-767BE5D299F0}.Debug|Any CPU.ActiveCfg = Debug|Any CPU
		{BE6BBCB6-4D43-4D01-9EC9-767BE5D299F0}.Debug|Any CPU.Build.0 = Debug|Any CPU
		{BE6BBCB6-4D43-4D01-9EC9-767BE5D299F0}.Debug|x64.ActiveCfg = Debug|Any CPU
		{BE6BBCB6-4D43-4D01-9EC9-767BE5D299F0}.Debug|x64.Build.0 = Debug|Any CPU
		{BE6BBCB6-4D43-4D01-9EC9-767BE5D299F0}.Debug|x86.ActiveCfg = Debug|Any CPU
		{BE6BBCB6-4D43-4D01-9EC9-767BE5D299F0}.Debug|x86.Build.0 = Debug|Any CPU
		{BE6BBCB6-4D43-4D01-9EC9-767BE5D299F0}.Release|Any CPU.ActiveCfg = Release|Any CPU
		{BE6BBCB6-4D43-4D01-9EC9-767BE5D299F0}.Release|Any CPU.Build.0 = Release|Any CPU
		{BE6BBCB6-4D43-4D01-9EC9-767BE5D299F0}.Release|x64.ActiveCfg = Release|Any CPU
		{BE6BBCB6-4D43-4D01-9EC9-767BE5D299F0}.Release|x64.Build.0 = Release|Any CPU
		{BE6BBCB6-4D43-4D01-9EC9-767BE5D299F0}.Release|x86.ActiveCfg = Release|Any CPU
		{BE6BBCB6-4D43-4D01-9EC9-767BE5D299F0}.Release|x86.Build.0 = Release|Any CPU
		{0D712DF8-216E-44A2-98F3-2F2542BAFDB4}.Debug|Any CPU.ActiveCfg = Debug|Any CPU
		{0D712DF8-216E-44A2-98F3-2F2542BAFDB4}.Debug|Any CPU.Build.0 = Debug|Any CPU
		{0D712DF8-216E-44A2-98F3-2F2542BAFDB4}.Debug|x64.ActiveCfg = Debug|Any CPU
		{0D712DF8-216E-44A2-98F3-2F2542BAFDB4}.Debug|x64.Build.0 = Debug|Any CPU
		{0D712DF8-216E-44A2-98F3-2F2542BAFDB4}.Debug|x86.ActiveCfg = Debug|Any CPU
		{0D712DF8-216E-44A2-98F3-2F2542BAFDB4}.Debug|x86.Build.0 = Debug|Any CPU
		{0D712DF8-216E-44A2-98F3-2F2542BAFDB4}.Release|Any CPU.ActiveCfg = Release|Any CPU
		{0D712DF8-216E-44A2-98F3-2F2542BAFDB4}.Release|Any CPU.Build.0 = Release|Any CPU
		{0D712DF8-216E-44A2-98F3-2F2542BAFDB4}.Release|x64.ActiveCfg = Release|Any CPU
		{0D712DF8-216E-44A2-98F3-2F2542BAFDB4}.Release|x64.Build.0 = Release|Any CPU
		{0D712DF8-216E-44A2-98F3-2F2542BAFDB4}.Release|x86.ActiveCfg = Release|Any CPU
		{0D712DF8-216E-44A2-98F3-2F2542BAFDB4}.Release|x86.Build.0 = Release|Any CPU
	EndGlobalSection
	GlobalSection(SolutionProperties) = preSolution
		HideSolutionNode = FALSE
	EndGlobalSection
	GlobalSection(NestedProjects) = preSolution
		{F79AD0BE-FD05-4833-B0A8-E616B8431C57} = {827E0CD3-B72D-47B6-A68D-7590B98EB39B}
	EndGlobalSection
EndGlobal
